# Generated by conda-lock.
# platform: linux-64
# input_hash: 278e4fdb6650e7ce50078a1a5160e285566e932da7b173e5db357474d37ee2e0

channels:
  - conda-forge
dependencies:
  - _libgcc_mutex=0.1=conda_forge
  - ca-certificates=2023.5.7=hbcca054_0
  - ld_impl_linux-64=2.40=h41732ed_0
  - libgfortran5=13.1.0=h15d22d2_0
  - libstdcxx-ng=13.1.0=hfd8a6a1_0
  - python_abi=3.9=3_cp39
  - tzdata=2023c=h71feb2d_0
  - libgfortran-ng=13.1.0=h69a702a_0
  - libgomp=13.1.0=he5830b7_0
  - _openmp_mutex=4.5=2_gnu
  - libgcc-ng=13.1.0=he5830b7_0
  - bzip2=1.0.8=h7f98852_4
  - lerc=4.0.0=h27087fc_0
  - libbrotlicommon=1.0.9=h166bdaf_9
  - libdeflate=1.18=h0b41bf4_0
  - libffi=3.4.2=h7f98852_5
  - libjpeg-turbo=2.1.5.1=h0b41bf4_0
  - libnsl=2.0.0=h7f98852_0
  - libopenblas=0.3.23=pthreads_h80387f5_0
  - libuuid=2.38.1=h0b41bf4_0
  - libwebp-base=1.3.1=hd590300_0
  - libzlib=1.2.13=hd590300_5
  - ncurses=6.4=hcb278e6_0
  - openssl=3.1.1=hd590300_1
  - pthread-stubs=0.4=h36c2ea0_1001
  - xorg-libxau=1.0.11=hd590300_0
  - xorg-libxdmcp=1.1.3=h7f98852_0
  - xz=5.2.6=h166bdaf_0
  - yaml=0.2.5=h7f98852_2
  - libblas=3.9.0=17_linux64_openblas
  - libbrotlidec=1.0.9=h166bdaf_9
  - libbrotlienc=1.0.9=h166bdaf_9
  - libpng=1.6.39=h753d276_0
  - libsqlite=3.42.0=h2797004_0
  - libxcb=1.15=h0b41bf4_0
  - readline=8.2=h8228510_1
  - tk=8.6.12=h27826a3_0
  - zstd=1.5.2=hfc55251_7
  - brotli-bin=1.0.9=h166bdaf_9
  - freetype=2.12.1=hca18f0e_1
  - libcblas=3.9.0=17_linux64_openblas
  - liblapack=3.9.0=17_linux64_openblas
  - libtiff=4.5.1=h8b53f26_0
  - python=3.9.16=h2782a2a_0_cpython
  - brotli=1.0.9=h166bdaf_9
  - brotli-python=1.0.9=py39h5a03fae_9
  - certifi=2023.5.7=pyhd8ed1ab_0
  - charset-normalizer=3.1.0=pyhd8ed1ab_0
  - cloudpickle=2.2.1=pyhd8ed1ab_0
  - colorama=0.4.6=pyhd8ed1ab_0
  - cycler=0.11.0=pyhd8ed1ab_0
  - fsspec=2023.6.0=pyh1a96a4e_0
  - idna=3.4=pyhd8ed1ab_0
  - kiwisolver=1.4.4=py39hf939315_1
  - lcms2=2.15=haa2dc70_1
  - locket=1.0.0=pyhd8ed1ab_0
  - munkres=1.1.4=pyh9f0ad1d_0
  - numpy=1.23.5=py39h3d75532_0
  - openjpeg=2.5.0=hfec8fc6_2
  - packaging=23.1=pyhd8ed1ab_0
  - pyparsing=3.0.9=pyhd8ed1ab_0
  - pysocks=1.7.1=pyha2e5f31_6
  - pyyaml=6.0=py39hb9d737c_5
  - setuptools=68.0.0=pyhd8ed1ab_0
  - six=1.16.0=pyh6c4a22f_0
  - toolz=0.12.0=pyhd8ed1ab_0
  - typing_extensions=4.7.1=pyha770c72_0
  - unicodedata2=15.0.0=py39hb9d737c_0
  - wheel=0.40.0=pyhd8ed1ab_0
  - zipp=3.15.0=pyhd8ed1ab_0
  - contourpy=1.1.0=py39h7633fee_0
  - fonttools=4.40.0=py39hd1e30aa_0
  - importlib_resources=5.13.0=pyhd8ed1ab_0
  - partd=1.4.0=pyhd8ed1ab_0
  - pillow=10.0.0=py39haaeba84_0
  - pip=23.1.2=pyhd8ed1ab_0
  - python-dateutil=2.8.2=pyhd8ed1ab_0
  - tqdm=4.65.0=pyhd8ed1ab_1
  - typing-extensions=4.7.1=hd8ed1ab_0
  - urllib3=2.0.3=pyhd8ed1ab_1
  - dask-core=2022.10.0=pyhd8ed1ab_2
  - importlib-resources=5.13.0=pyhd8ed1ab_0
  - platformdirs=3.8.1=pyhd8ed1ab_0
  - requests=2.31.0=pyhd8ed1ab_0
  - matplotlib-base=3.7.2=py39h0126182_0
  - pooch=1.7.0=pyha770c72_3
  - scipy=1.10.1=py39h6183b62_3
  - pip:
    - pillow === 9.5.0 --hash=sha256:608488bdcbdb4ba7837461442b90ea6f3079397ddc968c31265c1e056964f1ef
    - h5py === 3.9.0 --hash=sha256:95f7a745efd0d56076999b52e8da5fad5d30823bac98b59c68ae75588d09991a
    - geoh5py === 0.8.0a3 --hash=sha256:0c612491fff8972882658e5283b649cc4deadb7d83804ea2b5f4969bb05a89be
    - param-sweeps @ https://github.com/MiraGeoscience/param-sweeps/archive/refs/heads/develop.zip#sha256=300447c10b0748e0b902dbd4d2666e39d1facbb3047c21d9e03d6544712c2ef9

variables:
  KMP_WARNINGS: 0
